
Microsoft Visual Studio Solution File, Format Version 12.00
# Visual Studio Version 17
VisualStudioVersion = 17.2.32519.379
MinimumVisualStudioVersion = 10.0.40219.1
Project("{FAE04EC0-301F-11D3-BF4B-00C04F79EFBC}") = "FileManager_Example", "FileManager_Example\FileManager_Example.csproj", "{43BAF82D-1A3C-4A90-91E8-24B674CC525F}"
EndProject
Global
	GlobalSection(SolutionConfigurationPlatforms) = preSolution
		Debug|Any CPU = Debug|Any CPU
		Release|Any CPU = Release|Any CPU
	EndGlobalSection
	GlobalSection(ProjectConfigurationPlatforms) = postSolution
		{43BAF82D-1A3C-4A90-91E8-24B674CC525F}.Debug|Any CPU.ActiveCfg = Debug|Any CPU
		{43BAF82D-1A3C-4A90-91E8-24B674CC525F}.Debug|Any CPU.Build.0 = Debug|Any CPU
		{43BAF82D-1A3C-4A90-91E8-24B674CC525F}.Release|Any CPU.ActiveCfg = Release|Any CPU
		{43BAF82D-1A3C-4A90-91E8-24B674CC525F}.Release|Any CPU.Build.0 = Release|Any CPU
	EndGlobalSection
	GlobalSection(SolutionProperties) = preSolution
		HideSolutionNode = FALSE
	EndGlobalSection
	GlobalSection(ExtensibilityGlobals) = postSolution
		SolutionGuid = {A84AADDB-3B1A-4C9A-A9C2-F69F3BA84867}
	EndGlobalSection
EndGlobal
